
Microsoft Visual Studio Solution File, Format Version 12.00
# Visual Studio Version 17
VisualStudioVersion = 17.14.36623.8
MinimumVisualStudioVersion = 10.0.40219.1
Project("{FAE04EC0-301F-11D3-BF4B-00C04F79EFBC}") = "AcademiaDoZe.Domain", "AcademiaDoZe.Domain\AcademiaDoZe.Domain.csproj", "{38AED7BB-F9EA-4575-BBE9-345EABF3C1AC}"
EndProject
Project("{FAE04EC0-301F-11D3-BF4B-00C04F79EFBC}") = "AcademiaDoZe.Domain.Tests", "AcademiaDoZe.Domain.Tests\AcademiaDoZe.Domain.Tests.csproj", "{76F5031A-AF4A-47C2-9E16-E2F5E1B52AE3}"
EndProject
Project("{2150E333-8FDC-42A3-9474-1A3956D46DE8}") = "Testes", "Testes", "{02EA681E-C7D8-13C7-8484-4AC65E1B71E8}"
EndProject
Global
	GlobalSection(SolutionConfigurationPlatforms) = preSolution
		Debug|Any CPU = Debug|Any CPU
		Release|Any CPU = Release|Any CPU
	EndGlobalSection
	GlobalSection(ProjectConfigurationPlatforms) = postSolution
		{38AED7BB-F9EA-4575-BBE9-345EABF3C1AC}.Debug|Any CPU.ActiveCfg = Debug|Any CPU
		{38AED7BB-F9EA-4575-BBE9-345EABF3C1AC}.Debug|Any CPU.Build.0 = Debug|Any CPU
		{38AED7BB-F9EA-4575-BBE9-345EABF3C1AC}.Release|Any CPU.ActiveCfg = Release|Any CPU
		{38AED7BB-F9EA-4575-BBE9-345EABF3C1AC}.Release|Any CPU.Build.0 = Release|Any CPU
		{76F5031A-AF4A-47C2-9E16-E2F5E1B52AE3}.Debug|Any CPU.ActiveCfg = Debug|Any CPU
		{76F5031A-AF4A-47C2-9E16-E2F5E1B52AE3}.Debug|Any CPU.Build.0 = Debug|Any CPU
		{76F5031A-AF4A-47C2-9E16-E2F5E1B52AE3}.Release|Any CPU.ActiveCfg = Release|Any CPU
		{76F5031A-AF4A-47C2-9E16-E2F5E1B52AE3}.Release|Any CPU.Build.0 = Release|Any CPU
	EndGlobalSection
	GlobalSection(SolutionProperties) = preSolution
		HideSolutionNode = FALSE
	EndGlobalSection
	GlobalSection(NestedProjects) = preSolution
		{76F5031A-AF4A-47C2-9E16-E2F5E1B52AE3} = {02EA681E-C7D8-13C7-8484-4AC65E1B71E8}
	EndGlobalSection
	GlobalSection(ExtensibilityGlobals) = postSolution
		SolutionGuid = {38F26CBB-FA5F-48E7-A7D5-A8CDD194082A}
	EndGlobalSection
EndGlobal
